
Microsoft Visual Studio Solution File, Format Version 12.00
Project("{FAE04EC0-301F-11D3-BF4B-00C04F79EFBC}") = "StudyConAPIDotnet4-7-2", "StudyConAPIDotnet4-7-2\StudyConAPIDotnet4-7-2.csproj", "{C65771C8-8730-4418-A350-9BAF7E3F7F79}"
EndProject
Global
	GlobalSection(SolutionConfigurationPlatforms) = preSolution
		Debug|Any CPU = Debug|Any CPU
		Release|Any CPU = Release|Any CPU
	EndGlobalSection
	GlobalSection(ProjectConfigurationPlatforms) = postSolution
		{C65771C8-8730-4418-A350-9BAF7E3F7F79}.Debug|Any CPU.ActiveCfg = Debug|Any CPU
		{C65771C8-8730-4418-A350-9BAF7E3F7F79}.Debug|Any CPU.Build.0 = Debug|Any CPU
		{C65771C8-8730-4418-A350-9BAF7E3F7F79}.Release|Any CPU.ActiveCfg = Release|Any CPU
		{C65771C8-8730-4418-A350-9BAF7E3F7F79}.Release|Any CPU.Build.0 = Release|Any CPU
	EndGlobalSection
EndGlobal
